
Microsoft Visual Studio Solution File, Format Version 12.00
# Visual Studio Version 16
VisualStudioVersion = 16.0.30804.86
MinimumVisualStudioVersion = 10.0.40219.1
Project("{FAE04EC0-301F-11D3-BF4B-00C04F79EFBC}") = "FunctionalProgramingEx", "FunctionalProgramingEx\FunctionalProgramingEx.csproj", "{376109E5-9A54-4541-BF72-05671BC59E86}"
EndProject
Project("{FAE04EC0-301F-11D3-BF4B-00C04F79EFBC}") = "02.KnightsOfHonor", "02.KnightsOfHonor\02.KnightsOfHonor.csproj", "{B83822B1-F676-416F-A6C2-51073D6D7876}"
EndProject
Project("{FAE04EC0-301F-11D3-BF4B-00C04F79EFBC}") = "03.CustomMinFunction", "03.CustomMinFunction\03.CustomMinFunction.csproj", "{680ECF22-F263-40FB-9C2E-33F9FAFA8AD0}"
EndProject
Project("{FAE04EC0-301F-11D3-BF4B-00C04F79EFBC}") = "04.FindEvenOrOdd", "04.FindEvenOrOdd\04.FindEvenOrOdd.csproj", "{BD734AA7-63F8-4CE0-B962-7CEF7C0F5F3F}"
EndProject
Project("{FAE04EC0-301F-11D3-BF4B-00C04F79EFBC}") = "05.AppliedArithmetics", "05.AppliedArithmetics\05.AppliedArithmetics.csproj", "{4A3A7ABC-CB76-465B-888E-B2FE2E2A75D7}"
EndProject
Project("{FAE04EC0-301F-11D3-BF4B-00C04F79EFBC}") = "06.ReverseAndExclude", "06.ReverseAndExclude\06.ReverseAndExclude.csproj", "{EA8FE6E3-D9C0-470B-A772-18528BB37BE1}"
EndProject
Global
	GlobalSection(SolutionConfigurationPlatforms) = preSolution
		Debug|Any CPU = Debug|Any CPU
		Release|Any CPU = Release|Any CPU
	EndGlobalSection
	GlobalSection(ProjectConfigurationPlatforms) = postSolution
		{376109E5-9A54-4541-BF72-05671BC59E86}.Debug|Any CPU.ActiveCfg = Debug|Any CPU
		{376109E5-9A54-4541-BF72-05671BC59E86}.Debug|Any CPU.Build.0 = Debug|Any CPU
		{376109E5-9A54-4541-BF72-05671BC59E86}.Release|Any CPU.ActiveCfg = Release|Any CPU
		{376109E5-9A54-4541-BF72-05671BC59E86}.Release|Any CPU.Build.0 = Release|Any CPU
		{B83822B1-F676-416F-A6C2-51073D6D7876}.Debug|Any CPU.ActiveCfg = Debug|Any CPU
		{B83822B1-F676-416F-A6C2-51073D6D7876}.Debug|Any CPU.Build.0 = Debug|Any CPU
		{B83822B1-F676-416F-A6C2-51073D6D7876}.Release|Any CPU.ActiveCfg = Release|Any CPU
		{B83822B1-F676-416F-A6C2-51073D6D7876}.Release|Any CPU.Build.0 = Release|Any CPU
		{680ECF22-F263-40FB-9C2E-33F9FAFA8AD0}.Debug|Any CPU.ActiveCfg = Debug|Any CPU
		{680ECF22-F263-40FB-9C2E-33F9FAFA8AD0}.Debug|Any CPU.Build.0 = Debug|Any CPU
		{680ECF22-F263-40FB-9C2E-33F9FAFA8AD0}.Release|Any CPU.ActiveCfg = Release|Any CPU
		{680ECF22-F263-40FB-9C2E-33F9FAFA8AD0}.Release|Any CPU.Build.0 = Release|Any CPU
		{BD734AA7-63F8-4CE0-B962-7CEF7C0F5F3F}.Debug|Any CPU.ActiveCfg = Debug|Any CPU
		{BD734AA7-63F8-4CE0-B962-7CEF7C0F5F3F}.Debug|Any CPU.Build.0 = Debug|Any CPU
		{BD734AA7-63F8-4CE0-B962-7CEF7C0F5F3F}.Release|Any CPU.ActiveCfg = Release|Any CPU
		{BD734AA7-63F8-4CE0-B962-7CEF7C0F5F3F}.Release|Any CPU.Build.0 = Release|Any CPU
		{4A3A7ABC-CB76-465B-888E-B2FE2E2A75D7}.Debug|Any CPU.ActiveCfg = Debug|Any CPU
		{4A3A7ABC-CB76-465B-888E-B2FE2E2A75D7}.Debug|Any CPU.Build.0 = Debug|Any CPU
		{4A3A7ABC-CB76-465B-888E-B2FE2E2A75D7}.Release|Any CPU.ActiveCfg = Release|Any CPU
		{4A3A7ABC-CB76-465B-888E-B2FE2E2A75D7}.Release|Any CPU.Build.0 = Release|Any CPU
		{EA8FE6E3-D9C0-470B-A772-18528BB37BE1}.Debug|Any CPU.ActiveCfg = Debug|Any CPU
		{EA8FE6E3-D9C0-470B-A772-18528BB37BE1}.Debug|Any CPU.Build.0 = Debug|Any CPU
		{EA8FE6E3-D9C0-470B-A772-18528BB37BE1}.Release|Any CPU.ActiveCfg = Release|Any CPU
		{EA8FE6E3-D9C0-470B-A772-18528BB37BE1}.Release|Any CPU.Build.0 = Release|Any CPU
	EndGlobalSection
	GlobalSection(SolutionProperties) = preSolution
		HideSolutionNode = FALSE
	EndGlobalSection
	GlobalSection(ExtensibilityGlobals) = postSolution
		SolutionGuid = {2FC68FCF-EABE-4837-91D6-2DA5D79562C4}
	EndGlobalSection
EndGlobal
